
Microsoft Visual Studio Solution File, Format Version 12.00
# Visual Studio Version 16
VisualStudioVersion = 16.0.29509.3
MinimumVisualStudioVersion = 10.0.40219.1
Project("{9092AA53-FB77-4645-B42D-1CCCA6BD08BD}") = "Backend_besider", "Backend_besider\Backend_besider.njsproj", "{8223FDD2-26F6-456E-B258-7D5E45775A38}"
EndProject
Global
	GlobalSection(SolutionConfigurationPlatforms) = preSolution
		Debug|Any CPU = Debug|Any CPU
		Release|Any CPU = Release|Any CPU
	EndGlobalSection
	GlobalSection(ProjectConfigurationPlatforms) = postSolution
		{8223FDD2-26F6-456E-B258-7D5E45775A38}.Debug|Any CPU.ActiveCfg = Debug|Any CPU
		{8223FDD2-26F6-456E-B258-7D5E45775A38}.Debug|Any CPU.Build.0 = Debug|Any CPU
		{8223FDD2-26F6-456E-B258-7D5E45775A38}.Release|Any CPU.ActiveCfg = Release|Any CPU
		{8223FDD2-26F6-456E-B258-7D5E45775A38}.Release|Any CPU.Build.0 = Release|Any CPU
	EndGlobalSection
	GlobalSection(SolutionProperties) = preSolution
		HideSolutionNode = FALSE
	EndGlobalSection
	GlobalSection(ExtensibilityGlobals) = postSolution
		SolutionGuid = {D67D8C27-1A0E-48FE-A8BF-69860E2904AC}
	EndGlobalSection
EndGlobal
